github.com/FortAwesome/Font-Awesome v0.0.0-20230327165841-0698449d50f2/go.mod h1:IUgezN/MFpCDIlFezw3L8j83oeiIuYoj28Miwr/KUYo=
github.com/deining/docsy v0.0.0-20231109142535-5e7ce92b3c7f h1:v9tyUrA8HQRbW6Ly04MXIYxVH2tMgbaVtMzK+Q9KhsI=
github.com/deining/docsy v0.0.0-20231109142535-5e7ce92b3c7f/go.mod h1:hMIBsOAdtEkewdSa19KVbq+WS3dNFYVY6jlI032Jwwk=
github.com/twbs/bootstrap v5.2.3+incompatible/go.mod h1:fZTSrkpSf0/HkL0IIJzvVspTt1r9zuf7XlZau8kpcY0=
